{
  "object": {
    "pins": [
      {
        "package": "BottomSheet",
        "repositoryURL": "https://github.com/adamfootdev/BottomSheet.git",
        "state": {
          "branch": null,
          "revision": "40b8fbdd676b0d6b76643feccbeb645e97df9fb4",
          "version": "0.1.6"
        }
      },
      {
        "package": "loadability",
        "repositoryURL": "https://github.com/julianschiavo/loadability",
        "state": {
          "branch": "ios15",
          "revision": "5f883d439ecdd4c797e2997c0505a151cdc4c403",
          "version": null
        }
      },
      {
        "package": "purchases-ios",
        "repositoryURL": "https://github.com/RevenueCat/purchases-ios.git",
        "state": {
          "branch": null,
          "revision": "2811b25d8f275429e5d001e3990426ebba5147f4",
          "version": "3.11.1"
        }
      }
    ]
  },
  "version": 1
}
